
Microsoft Visual Studio Solution File, Format Version 12.00
# Visual Studio Version 16
VisualStudioVersion = 16.0.31729.503
MinimumVisualStudioVersion = 10.0.40219.1
Project("{FAE04EC0-301F-11D3-BF4B-00C04F79EFBC}") = "ConsoleApp1", "ConsoleApp1\ConsoleApp1.csproj", "{F1F24213-1B19-4229-AF43-E8C46283900F}"
EndProject
Global
	GlobalSection(SolutionConfigurationPlatforms) = preSolution
		Debug|Any CPU = Debug|Any CPU
		Release|Any CPU = Release|Any CPU
	EndGlobalSection
	GlobalSection(ProjectConfigurationPlatforms) = postSolution
		{F1F24213-1B19-4229-AF43-E8C46283900F}.Debug|Any CPU.ActiveCfg = Debug|Any CPU
		{F1F24213-1B19-4229-AF43-E8C46283900F}.Debug|Any CPU.Build.0 = Debug|Any CPU
		{F1F24213-1B19-4229-AF43-E8C46283900F}.Release|Any CPU.ActiveCfg = Release|Any CPU
		{F1F24213-1B19-4229-AF43-E8C46283900F}.Release|Any CPU.Build.0 = Release|Any CPU
	EndGlobalSection
	GlobalSection(SolutionProperties) = preSolution
		HideSolutionNode = FALSE
	EndGlobalSection
	GlobalSection(ExtensibilityGlobals) = postSolution
		SolutionGuid = {2728E6C3-B08A-4856-96A0-7F5111DB2DE0}
	EndGlobalSection
EndGlobal
